
Microsoft Visual Studio Solution File, Format Version 12.00
# Visual Studio Version 16
VisualStudioVersion = 16.0.31112.23
MinimumVisualStudioVersion = 10.0.40219.1
Project("{9A19103F-16F7-4668-BE54-9A1E7A4F7556}") = "CourseLibrary.API", "CourseLibrary.API\CourseLibrary.API.csproj", "{6F25D24A-8C56-4E15-AF75-9671E27BF6C1}"
EndProject
Project("{2150E333-8FDC-42A3-9474-1A3956D46DE8}") = "DockerCompose", "DockerCompose", "{4788505B-FAF0-4521-843F-A83AE907B075}"
ProjectSection(SolutionItems) = preProject
	docker-compose.yml = docker-compose.yml
EndProjectSection
EndProject
Project("{FAE04EC0-301F-11D3-BF4B-00C04F79EFBC}") = "Course.Finance", "Course.Finance\Course.Finance.csproj", "{077B8336-7342-4116-B6F0-EFE3DE17B750}"
EndProject
Global
	GlobalSection(SolutionConfigurationPlatforms) = preSolution
		Debug|Any CPU = Debug|Any CPU
		Release|Any CPU = Release|Any CPU
	EndGlobalSection
	GlobalSection(ProjectConfigurationPlatforms) = postSolution
		{6F25D24A-8C56-4E15-AF75-9671E27BF6C1}.Debug|Any CPU.ActiveCfg = Debug|Any CPU
		{6F25D24A-8C56-4E15-AF75-9671E27BF6C1}.Debug|Any CPU.Build.0 = Debug|Any CPU
		{6F25D24A-8C56-4E15-AF75-9671E27BF6C1}.Release|Any CPU.ActiveCfg = Release|Any CPU
		{6F25D24A-8C56-4E15-AF75-9671E27BF6C1}.Release|Any CPU.Build.0 = Release|Any CPU
		{077B8336-7342-4116-B6F0-EFE3DE17B750}.Debug|Any CPU.ActiveCfg = Debug|Any CPU
		{077B8336-7342-4116-B6F0-EFE3DE17B750}.Debug|Any CPU.Build.0 = Debug|Any CPU
		{077B8336-7342-4116-B6F0-EFE3DE17B750}.Release|Any CPU.ActiveCfg = Release|Any CPU
		{077B8336-7342-4116-B6F0-EFE3DE17B750}.Release|Any CPU.Build.0 = Release|Any CPU
	EndGlobalSection
	GlobalSection(SolutionProperties) = preSolution
		HideSolutionNode = FALSE
	EndGlobalSection
	GlobalSection(ExtensibilityGlobals) = postSolution
		SolutionGuid = {7C6F1E89-231B-4E01-A3C8-48CBA6849D8B}
	EndGlobalSection
EndGlobal
